
Microsoft Visual Studio Solution File, Format Version 12.00
# Visual Studio Version 17
VisualStudioVersion = 17.6.33712.159
MinimumVisualStudioVersion = 10.0.40219.1
Project("{9A19103F-16F7-4668-BE54-9A1E7A4F7556}") = "Recycler", "Recycler\Recycler.csproj", "{45C48836-F268-4BC1-A8AD-8CED5DBE4587}"
EndProject
Project("{9A19103F-16F7-4668-BE54-9A1E7A4F7556}") = "BusinessLogic", "BusinessLogic\BusinessLogic.csproj", "{991B1006-1D5E-40E2-90F2-8AFDF1C2FF91}"
EndProject
Project("{FAE04EC0-301F-11D3-BF4B-00C04F79EFBC}") = "BusinessLogicTests", "BusinessLogicTests\BusinessLogicTests.csproj", "{5E4CCE0E-3BBD-4661-83C1-50992DF4E699}"
EndProject
Global
	GlobalSection(SolutionConfigurationPlatforms) = preSolution
		Debug|Any CPU = Debug|Any CPU
		Release|Any CPU = Release|Any CPU
	EndGlobalSection
	GlobalSection(ProjectConfigurationPlatforms) = postSolution
		{45C48836-F268-4BC1-A8AD-8CED5DBE4587}.Debug|Any CPU.ActiveCfg = Debug|Any CPU
		{45C48836-F268-4BC1-A8AD-8CED5DBE4587}.Debug|Any CPU.Build.0 = Debug|Any CPU
		{45C48836-F268-4BC1-A8AD-8CED5DBE4587}.Release|Any CPU.ActiveCfg = Release|Any CPU
		{45C48836-F268-4BC1-A8AD-8CED5DBE4587}.Release|Any CPU.Build.0 = Release|Any CPU
		{991B1006-1D5E-40E2-90F2-8AFDF1C2FF91}.Debug|Any CPU.ActiveCfg = Debug|Any CPU
		{991B1006-1D5E-40E2-90F2-8AFDF1C2FF91}.Debug|Any CPU.Build.0 = Debug|Any CPU
		{991B1006-1D5E-40E2-90F2-8AFDF1C2FF91}.Release|Any CPU.ActiveCfg = Release|Any CPU
		{991B1006-1D5E-40E2-90F2-8AFDF1C2FF91}.Release|Any CPU.Build.0 = Release|Any CPU
		{5E4CCE0E-3BBD-4661-83C1-50992DF4E699}.Debug|Any CPU.ActiveCfg = Debug|Any CPU
		{5E4CCE0E-3BBD-4661-83C1-50992DF4E699}.Debug|Any CPU.Build.0 = Debug|Any CPU
		{5E4CCE0E-3BBD-4661-83C1-50992DF4E699}.Release|Any CPU.ActiveCfg = Release|Any CPU
		{5E4CCE0E-3BBD-4661-83C1-50992DF4E699}.Release|Any CPU.Build.0 = Release|Any CPU
	EndGlobalSection
	GlobalSection(SolutionProperties) = preSolution
		HideSolutionNode = FALSE
	EndGlobalSection
	GlobalSection(ExtensibilityGlobals) = postSolution
		SolutionGuid = {0D741178-34F2-4FD4-BCCE-D3E7B750EED4}
	EndGlobalSection
EndGlobal
